
Microsoft Visual Studio Solution File, Format Version 12.00
# Visual Studio Express 2012 for Windows Desktop
Project("{FAE04EC0-301F-11D3-BF4B-00C04F79EFBC}") = "NetLicensing", "NetLicensing\NetLicensing.csproj", "{B6029359-3CB6-475D-A48C-92A880ABA6E3}"
EndProject
Project("{FAE04EC0-301F-11D3-BF4B-00C04F79EFBC}") = "NetLicensingTest", "NetLicensingTest\NetLicensingTest.csproj", "{6527B7D1-8064-464F-9E79-E05159E3C8CB}"
EndProject
Global
	GlobalSection(SolutionConfigurationPlatforms) = preSolution
		Debug|Any CPU = Debug|Any CPU
		Release|Any CPU = Release|Any CPU
	EndGlobalSection
	GlobalSection(ProjectConfigurationPlatforms) = postSolution
		{B6029359-3CB6-475D-A48C-92A880ABA6E3}.Debug|Any CPU.ActiveCfg = Debug|Any CPU
		{B6029359-3CB6-475D-A48C-92A880ABA6E3}.Debug|Any CPU.Build.0 = Debug|Any CPU
		{B6029359-3CB6-475D-A48C-92A880ABA6E3}.Release|Any CPU.ActiveCfg = Release|Any CPU
		{B6029359-3CB6-475D-A48C-92A880ABA6E3}.Release|Any CPU.Build.0 = Release|Any CPU
		{6527B7D1-8064-464F-9E79-E05159E3C8CB}.Debug|Any CPU.ActiveCfg = Debug|Any CPU
		{6527B7D1-8064-464F-9E79-E05159E3C8CB}.Debug|Any CPU.Build.0 = Debug|Any CPU
		{6527B7D1-8064-464F-9E79-E05159E3C8CB}.Release|Any CPU.ActiveCfg = Release|Any CPU
		{6527B7D1-8064-464F-9E79-E05159E3C8CB}.Release|Any CPU.Build.0 = Release|Any CPU
	EndGlobalSection
	GlobalSection(SolutionProperties) = preSolution
		HideSolutionNode = FALSE
	EndGlobalSection
EndGlobal
